// !$*UTF8*$!
{
	archiveVersion = 1;
	classes = {
	};
	objectVersion = 46;
	objects = {

/* Begin PBXBuildFile section */
		75259FE118A6C23300C12682 /* menuicon_18x18_hi.png in Resources */ = {isa = PBXBuildFile; fileRef = 75259FDD18A6C23300C12682 /* menuicon_18x18_hi.png */; };
		75259FE218A6C23300C12682 /* menuicon_18x18_hi@2x.png in Resources */ = {isa = PBXBuildFile; fileRef = 75259FDE18A6C23300C12682 /* menuicon_18x18_hi@2x.png */; };
		75259FE318A6C23300C12682 /* menuicon_18x18.png in Resources */ = {isa = PBXBuildFile; fileRef = 75259FDF18A6C23300C12682 /* menuicon_18x18.png */; };
		75259FE418A6C23300C12682 /* menuicon_18x18@2x.png in Resources */ = {isa = PBXBuildFile; fileRef = 75259FE018A6C23300C12682 /* menuicon_18x18@2x.png */; };
		75259FE518A6C73600C12682 /* menuicon_18x18_hi.png in Resources */ = {isa = PBXBuildFile; fileRef = 75259FDD18A6C23300C12682 /* menuicon_18x18_hi.png */; };
		75259FE618A6C73600C12682 /* menuicon_18x18_hi@2x.png in Resources */ = {isa = PBXBuildFile; fileRef = 75259FDE18A6C23300C12682 /* menuicon_18x18_hi@2x.png */; };
		75259FE718A6C73600C12682 /* menuicon_18x18.png in Resources */ = {isa = PBXBuildFile; fileRef = 75259FDF18A6C23300C12682 /* menuicon_18x18.png */; };
		75259FE818A6C73600C12682 /* menuicon_18x18@2x.png in Resources */ = {isa = PBXBuildFile; fileRef = 75259FE018A6C23300C12682 /* menuicon_18x18@2x.png */; };
		75259FE918A6C78D00C12682 /* MainMenu.xib in Resources */ = {isa = PBXBuildFile; fileRef = 7544079917F777A900A6E78E /* MainMenu.xib */; };
		7525A02A18A6DFA500C12682 /* Synckr.help in Resources */ = {isa = PBXBuildFile; fileRef = 7525A02918A6DFA500C12682 /* Synckr.help */; };
		7525A02B18A6E58500C12682 /* Synckr.iconset in Resources */ = {isa = PBXBuildFile; fileRef = 75EAA63418A6B06200B9A48C /* Synckr.iconset */; };
		7525A02C18A6E59400C12682 /* Credits.rtf in Resources */ = {isa = PBXBuildFile; fileRef = 7544079317F777A800A6E78E /* Credits.rtf */; };
		753BF8D517F7F27700AAB3CC /* SerialDict.m in Sources */ = {isa = PBXBuildFile; fileRef = 753BF8D417F7F27700AAB3CC /* SerialDict.m */; };
		7544078917F777A800A6E78E /* Cocoa.framework in Frameworks */ = {isa = PBXBuildFile; fileRef = 7544076917F7776200A6E78E /* Cocoa.framework */; };
		7544078F17F777A800A6E78E /* InfoPlist.strings in Resources */ = {isa = PBXBuildFile; fileRef = 7544078D17F777A800A6E78E /* InfoPlist.strings */; };
		7544079117F777A800A6E78E /* main.m in Sources */ = {isa = PBXBuildFile; fileRef = 7544079017F777A800A6E78E /* main.m */; };
		7544079517F777A800A6E78E /* Credits.rtf in Resources */ = {isa = PBXBuildFile; fileRef = 7544079317F777A800A6E78E /* Credits.rtf */; };
		7544079817F777A800A6E78E /* AppDelegate.m in Sources */ = {isa = PBXBuildFile; fileRef = 7544079717F777A800A6E78E /* AppDelegate.m */; };
		7544079B17F777A900A6E78E /* MainMenu.xib in Resources */ = {isa = PBXBuildFile; fileRef = 7544079917F777A900A6E78E /* MainMenu.xib */; };
		754407A117F777B600A6E78E /* FolderScanner.m in Sources */ = {isa = PBXBuildFile; fileRef = 754407A017F777B600A6E78E /* FolderScanner.m */; };
		754407DB17F77B0000A6E78E /* CDEvents.framework in Frameworks */ = {isa = PBXBuildFile; fileRef = 754407D817F77AF400A6E78E /* CDEvents.framework */; };
		754407F217F78D5A00A6E78E /* ObjectiveFlickr.framework in Frameworks */ = {isa = PBXBuildFile; fileRef = 754407EF17F78D4D00A6E78E /* ObjectiveFlickr.framework */; };
		754407FF17F7924200A6E78E /* SynckrCommand.m in Sources */ = {isa = PBXBuildFile; fileRef = 754407FE17F7924200A6E78E /* SynckrCommand.m */; };
		7544080217F7994500A6E78E /* Synckr.m in Sources */ = {isa = PBXBuildFile; fileRef = 7544080117F7994500A6E78E /* Synckr.m */; };
		7544080517F7D8AC00A6E78E /* Uploader.m in Sources */ = {isa = PBXBuildFile; fileRef = 7544080417F7D8AC00A6E78E /* Uploader.m */; };
		75A0EFC318D64B6F00453009 /* Images.xcassets in Resources */ = {isa = PBXBuildFile; fileRef = 75A0EFC218D64B6F00453009 /* Images.xcassets */; };
		75A0EFC918D64CF100453009 /* Images.xcassets in Resources */ = {isa = PBXBuildFile; fileRef = 75A0EFC818D64CF100453009 /* Images.xcassets */; };
		75AC2C45180110FD001D2061 /* SynckrSettingsManager.m in Sources */ = {isa = PBXBuildFile; fileRef = 75AC2C44180110FC001D2061 /* SynckrSettingsManager.m */; };
		75AC2C46180110FD001D2061 /* SynckrSettingsManager.m in Sources */ = {isa = PBXBuildFile; fileRef = 75AC2C44180110FC001D2061 /* SynckrSettingsManager.m */; };
		75D43CBB17FBB1C80099F885 /* SynckrHelper.app in CopyFiles */ = {isa = PBXBuildFile; fileRef = 75E5178E17FA899800984C58 /* SynckrHelper.app */; };
		75D43CBF17FBB8A10099F885 /* ServiceManagement.framework in Frameworks */ = {isa = PBXBuildFile; fileRef = 75D43CBE17FBB8A10099F885 /* ServiceManagement.framework */; };
		75D43CC117FBBE7A0099F885 /* PowerIcon.png in Resources */ = {isa = PBXBuildFile; fileRef = 75D43CC017FBBE7A0099F885 /* PowerIcon.png */; };
		75E5011B17F88E5400314DDA /* StatusMenu.m in Sources */ = {isa = PBXBuildFile; fileRef = 75E5011A17F88E5400314DDA /* StatusMenu.m */; };
		75E5012717F89B7300314DDA /* CDEvents.framework in CopyFiles */ = {isa = PBXBuildFile; fileRef = 754407D817F77AF400A6E78E /* CDEvents.framework */; };
		75E5012817F89B7700314DDA /* ObjectiveFlickr.framework in CopyFiles */ = {isa = PBXBuildFile; fileRef = 754407EF17F78D4D00A6E78E /* ObjectiveFlickr.framework */; };
		75E5178917FA7E0A00984C58 /* NSMutableDictionary+SynckrFile.m in Sources */ = {isa = PBXBuildFile; fileRef = 75E5178817FA7E0A00984C58 /* NSMutableDictionary+SynckrFile.m */; };
		75E5178F17FA899800984C58 /* Cocoa.framework in Frameworks */ = {isa = PBXBuildFile; fileRef = 7544076917F7776200A6E78E /* Cocoa.framework */; };
		75E5179517FA899800984C58 /* InfoPlist.strings in Resources */ = {isa = PBXBuildFile; fileRef = 75E5179317FA899800984C58 /* InfoPlist.strings */; };
		75E5179717FA899800984C58 /* main.m in Sources */ = {isa = PBXBuildFile; fileRef = 75E5179617FA899800984C58 /* main.m */; };
		75E5179E17FA899800984C58 /* HeadlessAppDelegate.m in Sources */ = {isa = PBXBuildFile; fileRef = 75E5179D17FA899800984C58 /* HeadlessAppDelegate.m */; };
		75E517A517FA8A5E00984C58 /* FolderScanner.m in Sources */ = {isa = PBXBuildFile; fileRef = 754407A017F777B600A6E78E /* FolderScanner.m */; };
		75E517A617FA8A5E00984C58 /* Uploader.m in Sources */ = {isa = PBXBuildFile; fileRef = 7544080417F7D8AC00A6E78E /* Uploader.m */; };
		75E517A717FA8A5E00984C58 /* NSMutableDictionary+SynckrFile.m in Sources */ = {isa = PBXBuildFile; fileRef = 75E5178817FA7E0A00984C58 /* NSMutableDictionary+SynckrFile.m */; };
		75E517A817FA8A5E00984C58 /* Synckr.m in Sources */ = {isa = PBXBuildFile; fileRef = 7544080117F7994500A6E78E /* Synckr.m */; };
		75E517A917FA8A5E00984C58 /* SynckrCommand.m in Sources */ = {isa = PBXBuildFile; fileRef = 754407FE17F7924200A6E78E /* SynckrCommand.m */; };
		75E517AA17FA8A5E00984C58 /* SerialDict.m in Sources */ = {isa = PBXBuildFile; fileRef = 753BF8D417F7F27700AAB3CC /* SerialDict.m */; };
		75E517AB17FA8A5E00984C58 /* StatusMenu.m in Sources */ = {isa = PBXBuildFile; fileRef = 75E5011A17F88E5400314DDA /* StatusMenu.m */; };
		75E517AC17FA8B0100984C58 /* AppDelegate.m in Sources */ = {isa = PBXBuildFile; fileRef = 7544079717F777A800A6E78E /* AppDelegate.m */; };
		75E517AD17FA8B0600984C58 /* CDEvents.framework in Frameworks */ = {isa = PBXBuildFile; fileRef = 754407D817F77AF400A6E78E /* CDEvents.framework */; };
		75E517AE17FA8B0600984C58 /* ObjectiveFlickr.framework in Frameworks */ = {isa = PBXBuildFile; fileRef = 754407EF17F78D4D00A6E78E /* ObjectiveFlickr.framework */; };
		75EAA63518A6B06200B9A48C /* Synckr.iconset in Resources */ = {isa = PBXBuildFile; fileRef = 75EAA63418A6B06200B9A48C /* Synckr.iconset */; };
		75EAA63818A6B0C000B9A48C /* icon_512x512.png in Resources */ = {isa = PBXBuildFile; fileRef = 75EAA63618A6B0C000B9A48C /* icon_512x512.png */; };
		75EAA63918A6B0C000B9A48C /* icon_512x512@2x.png in Resources */ = {isa = PBXBuildFile; fileRef = 75EAA63718A6B0C000B9A48C /* icon_512x512@2x.png */; };
/* End PBXBuildFile section */

/* Begin PBXContainerItemProxy section */
		754407D717F77AF400A6E78E /* PBXContainerItemProxy */ = {
			isa = PBXContainerItemProxy;
			containerPortal = 754407D217F77AF300A6E78E /* CDEvents.xcodeproj */;
			proxyType = 2;
			remoteGlobalIDString = 8DC2EF5B0486A6940098B216;
			remoteInfo = CDEvents;
		};
		754407D917F77AF400A6E78E /* PBXContainerItemProxy */ = {
			isa = PBXContainerItemProxy;
			containerPortal = 754407D217F77AF300A6E78E /* CDEvents.xcodeproj */;
			proxyType = 2;
			remoteGlobalIDString = 9C6D067D1167CC7400343E46;
			remoteInfo = CDEventsTestApp;
		};
		754407EE17F78D4D00A6E78E /* PBXContainerItemProxy */ = {
			isa = PBXContainerItemProxy;
			containerPortal = 754407E817F78D4D00A6E78E /* ObjectiveFlickr.xcodeproj */;
			proxyType = 2;
			remoteGlobalIDString = 6A8666490F9593B200325E1C;
			remoteInfo = "ObjectiveFlickr (framework)";
		};
		754407F017F78D4D00A6E78E /* PBXContainerItemProxy */ = {
			isa = PBXContainerItemProxy;
			containerPortal = 754407E817F78D4D00A6E78E /* ObjectiveFlickr.xcodeproj */;
			proxyType = 2;
			remoteGlobalIDString = 6ABF72E60F939BE600B9179E;
			remoteInfo = "ObjectiveFlickr (library)";
		};
		75D43CB817FBB1AF0099F885 /* PBXContainerItemProxy */ = {
			isa = PBXContainerItemProxy;
			containerPortal = 7544073917F7744700A6E78E /* Project object */;
			proxyType = 1;
			remoteGlobalIDString = 75E5178D17FA899800984C58;
			remoteInfo = SynckrHelper;
		};
/* End PBXContainerItemProxy section */

/* Begin PBXCopyFilesBuildPhase section */
		75D43CBA17FBB1B40099F885 /* CopyFiles */ = {
			isa = PBXCopyFilesBuildPhase;
			buildActionMask = 2147483647;
			dstPath = Contents/Library/LoginItems;
			dstSubfolderSpec = 1;
			files = (
				75D43CBB17FBB1C80099F885 /* SynckrHelper.app in CopyFiles */,
			);
			runOnlyForDeploymentPostprocessing = 0;
		};
		75E5012617F89B5E00314DDA /* CopyFiles */ = {
			isa = PBXCopyFilesBuildPhase;
			buildActionMask = 2147483647;
			dstPath = "";
			dstSubfolderSpec = 10;
			files = (
				75E5012717F89B7300314DDA /* CDEvents.framework in CopyFiles */,
				75E5012817F89B7700314DDA /* ObjectiveFlickr.framework in CopyFiles */,
			);
			runOnlyForDeploymentPostprocessing = 0;
		};
/* End PBXCopyFilesBuildPhase section */

/* Begin PBXFileReference section */
		75259FDD18A6C23300C12682 /* menuicon_18x18_hi.png */ = {isa = PBXFileReference; lastKnownFileType = image.png; path = menuicon_18x18_hi.png; sourceTree = "<group>"; };
		75259FDE18A6C23300C12682 /* menuicon_18x18_hi@2x.png */ = {isa = PBXFileReference; lastKnownFileType = image.png; path = "menuicon_18x18_hi@2x.png"; sourceTree = "<group>"; };
		75259FDF18A6C23300C12682 /* menuicon_18x18.png */ = {isa = PBXFileReference; lastKnownFileType = image.png; path = menuicon_18x18.png; sourceTree = "<group>"; };
		75259FE018A6C23300C12682 /* menuicon_18x18@2x.png */ = {isa = PBXFileReference; lastKnownFileType = image.png; path = "menuicon_18x18@2x.png"; sourceTree = "<group>"; };
		7525A02918A6DFA500C12682 /* Synckr.help */ = {isa = PBXFileReference; lastKnownFileType = folder; path = Synckr.help; sourceTree = SOURCE_ROOT; };
		753BF8D317F7F27700AAB3CC /* SerialDict.h */ = {isa = PBXFileReference; fileEncoding = 4; lastKnownFileType = sourcecode.c.h; path = SerialDict.h; sourceTree = "<group>"; };
		753BF8D417F7F27700AAB3CC /* SerialDict.m */ = {isa = PBXFileReference; fileEncoding = 4; lastKnownFileType = sourcecode.c.objc; path = SerialDict.m; sourceTree = "<group>"; };
		7544074417F7744700A6E78E /* UIKit.framework */ = {isa = PBXFileReference; lastKnownFileType = wrapper.framework; name = UIKit.framework; path = System/Library/Frameworks/UIKit.framework; sourceTree = SDKROOT; };
		7544074617F7744700A6E78E /* Foundation.framework */ = {isa = PBXFileReference; lastKnownFileType = wrapper.framework; name = Foundation.framework; path = System/Library/Frameworks/Foundation.framework; sourceTree = SDKROOT; };
		7544074817F7744700A6E78E /* CoreGraphics.framework */ = {isa = PBXFileReference; lastKnownFileType = wrapper.framework; name = CoreGraphics.framework; path = System/Library/Frameworks/CoreGraphics.framework; sourceTree = SDKROOT; };
		7544076917F7776200A6E78E /* Cocoa.framework */ = {isa = PBXFileReference; lastKnownFileType = wrapper.framework; name = Cocoa.framework; path = Library/Frameworks/Cocoa.framework; sourceTree = DEVELOPER_DIR; };
		7544076C17F7776200A6E78E /* AppKit.framework */ = {isa = PBXFileReference; lastKnownFileType = wrapper.framework; name = AppKit.framework; path = Library/Frameworks/AppKit.framework; sourceTree = SDKROOT; };
		7544076D17F7776200A6E78E /* CoreData.framework */ = {isa = PBXFileReference; lastKnownFileType = wrapper.framework; name = CoreData.framework; path = Library/Frameworks/CoreData.framework; sourceTree = SDKROOT; };
		7544076E17F7776200A6E78E /* Foundation.framework */ = {isa = PBXFileReference; lastKnownFileType = wrapper.framework; name = Foundation.framework; path = Library/Frameworks/Foundation.framework; sourceTree = SDKROOT; };
		7544078817F777A800A6E78E /* Synckr.app */ = {isa = PBXFileReference; explicitFileType = wrapper.application; includeInIndex = 0; path = Synckr.app; sourceTree = BUILT_PRODUCTS_DIR; };
		7544078C17F777A800A6E78E /* Synckr-Info.plist */ = {isa = PBXFileReference; lastKnownFileType = text.plist.xml; path = "Synckr-Info.plist"; sourceTree = "<group>"; };
		7544078E17F777A800A6E78E /* en */ = {isa = PBXFileReference; lastKnownFileType = text.plist.strings; name = en; path = en.lproj/InfoPlist.strings; sourceTree = "<group>"; };
		7544079017F777A800A6E78E /* main.m */ = {isa = PBXFileReference; lastKnownFileType = sourcecode.c.objc; path = main.m; sourceTree = "<group>"; };
		7544079217F777A800A6E78E /* Synckr-Prefix.pch */ = {isa = PBXFileReference; lastKnownFileType = sourcecode.c.h; path = "Synckr-Prefix.pch"; sourceTree = "<group>"; };
		7544079417F777A800A6E78E /* en */ = {isa = PBXFileReference; lastKnownFileType = text.rtf; name = en; path = en.lproj/Credits.rtf; sourceTree = "<group>"; };
		7544079617F777A800A6E78E /* AppDelegate.h */ = {isa = PBXFileReference; lastKnownFileType = sourcecode.c.h; path = AppDelegate.h; sourceTree = "<group>"; };
		7544079717F777A800A6E78E /* AppDelegate.m */ = {isa = PBXFileReference; lastKnownFileType = sourcecode.c.objc; path = AppDelegate.m; sourceTree = "<group>"; };
		7544079A17F777A900A6E78E /* en */ = {isa = PBXFileReference; lastKnownFileType = file.xib; name = en; path = en.lproj/MainMenu.xib; sourceTree = "<group>"; };
		7544079F17F777B600A6E78E /* FolderScanner.h */ = {isa = PBXFileReference; fileEncoding = 4; lastKnownFileType = sourcecode.c.h; path = FolderScanner.h; sourceTree = "<group>"; };
		754407A017F777B600A6E78E /* FolderScanner.m */ = {isa = PBXFileReference; fileEncoding = 4; lastKnownFileType = sourcecode.c.objc; path = FolderScanner.m; sourceTree = "<group>"; };
		754407D217F77AF300A6E78E /* CDEvents.xcodeproj */ = {isa = PBXFileReference; lastKnownFileType = "wrapper.pb-project"; name = CDEvents.xcodeproj; path = CDEvents/CDEvents.xcodeproj; sourceTree = "<group>"; };
		754407E817F78D4D00A6E78E /* ObjectiveFlickr.xcodeproj */ = {isa = PBXFileReference; lastKnownFileType = "wrapper.pb-project"; name = ObjectiveFlickr.xcodeproj; path = objectiveflickr/ObjectiveFlickr.xcodeproj; sourceTree = "<group>"; };
		754407FD17F7924200A6E78E /* SynckrCommand.h */ = {isa = PBXFileReference; fileEncoding = 4; lastKnownFileType = sourcecode.c.h; path = SynckrCommand.h; sourceTree = "<group>"; };
		754407FE17F7924200A6E78E /* SynckrCommand.m */ = {isa = PBXFileReference; fileEncoding = 4; lastKnownFileType = sourcecode.c.objc; path = SynckrCommand.m; sourceTree = "<group>"; };
		7544080017F7994500A6E78E /* Synckr.h */ = {isa = PBXFileReference; fileEncoding = 4; lastKnownFileType = sourcecode.c.h; path = Synckr.h; sourceTree = "<group>"; };
		7544080117F7994500A6E78E /* Synckr.m */ = {isa = PBXFileReference; fileEncoding = 4; lastKnownFileType = sourcecode.c.objc; path = Synckr.m; sourceTree = "<group>"; };
		7544080317F7D8AC00A6E78E /* Uploader.h */ = {isa = PBXFileReference; fileEncoding = 4; lastKnownFileType = sourcecode.c.h; path = Uploader.h; sourceTree = "<group>"; };
		7544080417F7D8AC00A6E78E /* Uploader.m */ = {isa = PBXFileReference; fileEncoding = 4; lastKnownFileType = sourcecode.c.objc; path = Uploader.m; sourceTree = "<group>"; };
		75A0EFC218D64B6F00453009 /* Images.xcassets */ = {isa = PBXFileReference; lastKnownFileType = folder.assetcatalog; path = Images.xcassets; sourceTree = "<group>"; };
		75A0EFC818D64CF100453009 /* Images.xcassets */ = {isa = PBXFileReference; lastKnownFileType = folder.assetcatalog; path = Images.xcassets; sourceTree = "<group>"; };
		75AC2C43180110FC001D2061 /* SynckrSettingsManager.h */ = {isa = PBXFileReference; fileEncoding = 4; lastKnownFileType = sourcecode.c.h; path = SynckrSettingsManager.h; sourceTree = "<group>"; };
		75AC2C44180110FC001D2061 /* SynckrSettingsManager.m */ = {isa = PBXFileReference; fileEncoding = 4; lastKnownFileType = sourcecode.c.objc; path = SynckrSettingsManager.m; sourceTree = "<group>"; };
		75AC2C4C18011609001D2061 /* FlickrKeys.h */ = {isa = PBXFileReference; lastKnownFileType = sourcecode.c.h; path = FlickrKeys.h; sourceTree = "<group>"; };
		75D43CBE17FBB8A10099F885 /* ServiceManagement.framework */ = {isa = PBXFileReference; lastKnownFileType = wrapper.framework; name = ServiceManagement.framework; path = Platforms/MacOSX.platform/Developer/SDKs/MacOSX10.8.sdk/System/Library/Frameworks/ServiceManagement.framework; sourceTree = DEVELOPER_DIR; };
		75D43CC017FBBE7A0099F885 /* PowerIcon.png */ = {isa = PBXFileReference; lastKnownFileType = image.png; path = PowerIcon.png; sourceTree = "<group>"; };
		75E5011917F88E5400314DDA /* StatusMenu.h */ = {isa = PBXFileReference; fileEncoding = 4; lastKnownFileType = sourcecode.c.h; path = StatusMenu.h; sourceTree = "<group>"; };
		75E5011A17F88E5400314DDA /* StatusMenu.m */ = {isa = PBXFileReference; fileEncoding = 4; lastKnownFileType = sourcecode.c.objc; path = StatusMenu.m; sourceTree = "<group>"; };
		75E5178517FA55A500984C58 /* Synckr.entitlements */ = {isa = PBXFileReference; lastKnownFileType = text.xml; path = Synckr.entitlements; sourceTree = "<group>"; };
		75E5178717FA7E0A00984C58 /* NSMutableDictionary+SynckrFile.h */ = {isa = PBXFileReference; fileEncoding = 4; lastKnownFileType = sourcecode.c.h; path = "NSMutableDictionary+SynckrFile.h"; sourceTree = "<group>"; };
		75E5178817FA7E0A00984C58 /* NSMutableDictionary+SynckrFile.m */ = {isa = PBXFileReference; fileEncoding = 4; lastKnownFileType = sourcecode.c.objc; path = "NSMutableDictionary+SynckrFile.m"; sourceTree = "<group>"; };
		75E5178E17FA899800984C58 /* SynckrHelper.app */ = {isa = PBXFileReference; explicitFileType = wrapper.application; includeInIndex = 0; path = SynckrHelper.app; sourceTree = BUILT_PRODUCTS_DIR; };
		75E5179217FA899800984C58 /* SynckrHelper-Info.plist */ = {isa = PBXFileReference; lastKnownFileType = text.plist.xml; path = "SynckrHelper-Info.plist"; sourceTree = "<group>"; };
		75E5179417FA899800984C58 /* en */ = {isa = PBXFileReference; lastKnownFileType = text.plist.strings; name = en; path = en.lproj/InfoPlist.strings; sourceTree = "<group>"; };
		75E5179617FA899800984C58 /* main.m */ = {isa = PBXFileReference; lastKnownFileType = sourcecode.c.objc; path = main.m; sourceTree = "<group>"; };
		75E5179817FA899800984C58 /* SynckrHelper-Prefix.pch */ = {isa = PBXFileReference; lastKnownFileType = sourcecode.c.h; path = "SynckrHelper-Prefix.pch"; sourceTree = "<group>"; };
		75E5179C17FA899800984C58 /* HeadlessAppDelegate.h */ = {isa = PBXFileReference; lastKnownFileType = sourcecode.c.h; path = HeadlessAppDelegate.h; sourceTree = "<group>"; };
		75E5179D17FA899800984C58 /* HeadlessAppDelegate.m */ = {isa = PBXFileReference; lastKnownFileType = sourcecode.c.objc; path = HeadlessAppDelegate.m; sourceTree = "<group>"; };
		75E517A017FA899800984C58 /* en */ = {isa = PBXFileReference; lastKnownFileType = file.xib; name = en; path = en.lproj/MainMenu.xib; sourceTree = "<group>"; };
		75E517AF17FA8F0E00984C58 /* SynckrHelper.entitlements */ = {isa = PBXFileReference; lastKnownFileType = text.xml; path = SynckrHelper.entitlements; sourceTree = "<group>"; };
		75EAA63418A6B06200B9A48C /* Synckr.iconset */ = {isa = PBXFileReference; lastKnownFileType = folder.iconset; path = Synckr.iconset; sourceTree = "<group>"; };
		75EAA63618A6B0C000B9A48C /* icon_512x512.png */ = {isa = PBXFileReference; lastKnownFileType = image.png; name = icon_512x512.png; path = Synckr.iconset/icon_512x512.png; sourceTree = "<group>"; };
		75EAA63718A6B0C000B9A48C /* icon_512x512@2x.png */ = {isa = PBXFileReference; lastKnownFileType = image.png; name = "icon_512x512@2x.png"; path = "Synckr.iconset/icon_512x512@2x.png"; sourceTree = "<group>"; };
/* End PBXFileReference section */

/* Begin PBXFrameworksBuildPhase section */
		7544078517F777A800A6E78E /* Frameworks */ = {
			isa = PBXFrameworksBuildPhase;
			buildActionMask = 2147483647;
			files = (
				75D43CBF17FBB8A10099F885 /* ServiceManagement.framework in Frameworks */,
				754407F217F78D5A00A6E78E /* ObjectiveFlickr.framework in Frameworks */,
				754407DB17F77B0000A6E78E /* CDEvents.framework in Frameworks */,
				7544078917F777A800A6E78E /* Cocoa.framework in Frameworks */,
			);
			runOnlyForDeploymentPostprocessing = 0;
		};
		75E5178B17FA899800984C58 /* Frameworks */ = {
			isa = PBXFrameworksBuildPhase;
			buildActionMask = 2147483647;
			files = (
				75E517AD17FA8B0600984C58 /* CDEvents.framework in Frameworks */,
				75E517AE17FA8B0600984C58 /* ObjectiveFlickr.framework in Frameworks */,
				75E5178F17FA899800984C58 /* Cocoa.framework in Frameworks */,
			);
			runOnlyForDeploymentPostprocessing = 0;
		};
/* End PBXFrameworksBuildPhase section */

/* Begin PBXGroup section */
		7544073817F7744700A6E78E = {
			isa = PBXGroup;
			children = (
				75D43CBE17FBB8A10099F885 /* ServiceManagement.framework */,
				754407E817F78D4D00A6E78E /* ObjectiveFlickr.xcodeproj */,
				754407D217F77AF300A6E78E /* CDEvents.xcodeproj */,
				7544078A17F777A800A6E78E /* Synckr */,
				75E5179017FA899800984C58 /* SynckrHelper */,
				7544074317F7744700A6E78E /* Frameworks */,
				7544074217F7744700A6E78E /* Products */,
			);
			sourceTree = "<group>";
		};
		7544074217F7744700A6E78E /* Products */ = {
			isa = PBXGroup;
			children = (
				7544078817F777A800A6E78E /* Synckr.app */,
				75E5178E17FA899800984C58 /* SynckrHelper.app */,
			);
			name = Products;
			sourceTree = "<group>";
		};
		7544074317F7744700A6E78E /* Frameworks */ = {
			isa = PBXGroup;
			children = (
				7544074417F7744700A6E78E /* UIKit.framework */,
				7544074617F7744700A6E78E /* Foundation.framework */,
				7544074817F7744700A6E78E /* CoreGraphics.framework */,
				7544076917F7776200A6E78E /* Cocoa.framework */,
				7544076B17F7776200A6E78E /* Other Frameworks */,
			);
			name = Frameworks;
			sourceTree = "<group>";
		};
		7544076B17F7776200A6E78E /* Other Frameworks */ = {
			isa = PBXGroup;
			children = (
				7544076C17F7776200A6E78E /* AppKit.framework */,
				7544076D17F7776200A6E78E /* CoreData.framework */,
				7544076E17F7776200A6E78E /* Foundation.framework */,
			);
			name = "Other Frameworks";
			sourceTree = "<group>";
		};
		7544078A17F777A800A6E78E /* Synckr */ = {
			isa = PBXGroup;
			children = (
				75E5178517FA55A500984C58 /* Synckr.entitlements */,
				7544079F17F777B600A6E78E /* FolderScanner.h */,
				754407A017F777B600A6E78E /* FolderScanner.m */,
				7544080317F7D8AC00A6E78E /* Uploader.h */,
				7544080417F7D8AC00A6E78E /* Uploader.m */,
				75E5178717FA7E0A00984C58 /* NSMutableDictionary+SynckrFile.h */,
				75E5178817FA7E0A00984C58 /* NSMutableDictionary+SynckrFile.m */,
				7544080017F7994500A6E78E /* Synckr.h */,
				7544080117F7994500A6E78E /* Synckr.m */,
				7544079617F777A800A6E78E /* AppDelegate.h */,
				7544079717F777A800A6E78E /* AppDelegate.m */,
				75AC2C4C18011609001D2061 /* FlickrKeys.h */,
				754407FD17F7924200A6E78E /* SynckrCommand.h */,
				754407FE17F7924200A6E78E /* SynckrCommand.m */,
				753BF8D317F7F27700AAB3CC /* SerialDict.h */,
				753BF8D417F7F27700AAB3CC /* SerialDict.m */,
				75E5011917F88E5400314DDA /* StatusMenu.h */,
				75E5011A17F88E5400314DDA /* StatusMenu.m */,
				75AC2C43180110FC001D2061 /* SynckrSettingsManager.h */,
				75AC2C44180110FC001D2061 /* SynckrSettingsManager.m */,
				75E5178617FA642D00984C58 /* UI */,
				75A0EFC818D64CF100453009 /* Images.xcassets */,
				7544078B17F777A800A6E78E /* Supporting Files */,
			);
			path = Synckr;
			sourceTree = "<group>";
		};
		7544078B17F777A800A6E78E /* Supporting Files */ = {
			isa = PBXGroup;
			children = (
				7525A02918A6DFA500C12682 /* Synckr.help */,
				75259FDD18A6C23300C12682 /* menuicon_18x18_hi.png */,
				75259FDE18A6C23300C12682 /* menuicon_18x18_hi@2x.png */,
				75259FDF18A6C23300C12682 /* menuicon_18x18.png */,
				75259FE018A6C23300C12682 /* menuicon_18x18@2x.png */,
				75EAA63418A6B06200B9A48C /* Synckr.iconset */,
				75EAA63618A6B0C000B9A48C /* icon_512x512.png */,
				75EAA63718A6B0C000B9A48C /* icon_512x512@2x.png */,
				7544078C17F777A800A6E78E /* Synckr-Info.plist */,
				7544078D17F777A800A6E78E /* InfoPlist.strings */,
				7544079017F777A800A6E78E /* main.m */,
				7544079217F777A800A6E78E /* Synckr-Prefix.pch */,
				7544079317F777A800A6E78E /* Credits.rtf */,
			);
			name = "Supporting Files";
			sourceTree = "<group>";
		};
		754407D317F77AF300A6E78E /* Products */ = {
			isa = PBXGroup;
			children = (
				754407D817F77AF400A6E78E /* CDEvents.framework */,
				754407DA17F77AF400A6E78E /* CDEventsTestApp.app */,
			);
			name = Products;
			sourceTree = "<group>";
		};
		754407E917F78D4D00A6E78E /* Products */ = {
			isa = PBXGroup;
			children = (
				754407EF17F78D4D00A6E78E /* ObjectiveFlickr.framework */,
				754407F117F78D4D00A6E78E /* libObjectiveFlickr.a */,
			);
			name = Products;
			sourceTree = "<group>";
		};
		75E5178617FA642D00984C58 /* UI */ = {
			isa = PBXGroup;
			children = (
				75D43CC017FBBE7A0099F885 /* PowerIcon.png */,
				7544079917F777A900A6E78E /* MainMenu.xib */,
			);
			name = UI;
			sourceTree = "<group>";
		};
		75E5179017FA899800984C58 /* SynckrHelper */ = {
			isa = PBXGroup;
			children = (
				75E517AF17FA8F0E00984C58 /* SynckrHelper.entitlements */,
				75E5179C17FA899800984C58 /* HeadlessAppDelegate.h */,
				75E5179D17FA899800984C58 /* HeadlessAppDelegate.m */,
				75E5179F17FA899800984C58 /* MainMenu.xib */,
				75A0EFC218D64B6F00453009 /* Images.xcassets */,
				75E5179117FA899800984C58 /* Supporting Files */,
			);
			path = SynckrHelper;
			sourceTree = "<group>";
		};
		75E5179117FA899800984C58 /* Supporting Files */ = {
			isa = PBXGroup;
			children = (
				75E5179217FA899800984C58 /* SynckrHelper-Info.plist */,
				75E5179317FA899800984C58 /* InfoPlist.strings */,
				75E5179617FA899800984C58 /* main.m */,
				75E5179817FA899800984C58 /* SynckrHelper-Prefix.pch */,
			);
			name = "Supporting Files";
			sourceTree = "<group>";
		};
/* End PBXGroup section */

/* Begin PBXNativeTarget section */
		7544078717F777A800A6E78E /* Synckr */ = {
			isa = PBXNativeTarget;
			buildConfigurationList = 7544079C17F777A900A6E78E /* Build configuration list for PBXNativeTarget "Synckr" */;
			buildPhases = (
				7544078417F777A800A6E78E /* Sources */,
				7544078517F777A800A6E78E /* Frameworks */,
				7544078617F777A800A6E78E /* Resources */,
				75E5012617F89B5E00314DDA /* CopyFiles */,
				75D43CBA17FBB1B40099F885 /* CopyFiles */,
				75A0EFC718D64C8E00453009 /* ShellScript */,
			);
			buildRules = (
			);
			dependencies = (
				75D43CB917FBB1AF0099F885 /* PBXTargetDependency */,
			);
			name = Synckr;
			productName = Synckr;
			productReference = 7544078817F777A800A6E78E /* Synckr.app */;
			productType = "com.apple.product-type.application";
		};
		75E5178D17FA899800984C58 /* SynckrHelper */ = {
			isa = PBXNativeTarget;
			buildConfigurationList = 75E517A217FA899800984C58 /* Build configuration list for PBXNativeTarget "SynckrHelper" */;
			buildPhases = (
				75E5178A17FA899800984C58 /* Sources */,
				75E5178B17FA899800984C58 /* Frameworks */,
				75E5178C17FA899800984C58 /* Resources */,
			);
			buildRules = (
			);
			dependencies = (
			);
			name = SynckrHelper;
			productName = SynckrHelper;
			productReference = 75E5178E17FA899800984C58 /* SynckrHelper.app */;
			productType = "com.apple.product-type.application";
		};
/* End PBXNativeTarget section */

/* Begin PBXProject section */
		7544073917F7744700A6E78E /* Project object */ = {
			isa = PBXProject;
			attributes = {
				LastUpgradeCheck = 0460;
				ORGANIZATIONNAME = d2dx;
			};
			buildConfigurationList = 7544073C17F7744700A6E78E /* Build configuration list for PBXProject "Synckr" */;
			compatibilityVersion = "Xcode 3.2";
			developmentRegion = English;
			hasScannedForEncodings = 0;
			knownRegions = (
				en,
				English,
			);
			mainGroup = 7544073817F7744700A6E78E;
			productRefGroup = 7544074217F7744700A6E78E /* Products */;
			projectDirPath = "";
			projectReferences = (
				{
					ProductGroup = 754407D317F77AF300A6E78E /* Products */;
					ProjectRef = 754407D217F77AF300A6E78E /* CDEvents.xcodeproj */;
				},
				{
					ProductGroup = 754407E917F78D4D00A6E78E /* Products */;
					ProjectRef = 754407E817F78D4D00A6E78E /* ObjectiveFlickr.xcodeproj */;
				},
			);
			projectRoot = "";
			targets = (
				7544078717F777A800A6E78E /* Synckr */,
				75E5178D17FA899800984C58 /* SynckrHelper */,
			);
		};
/* End PBXProject section */

/* Begin PBXReferenceProxy section */
		754407D817F77AF400A6E78E /* CDEvents.framework */ = {
			isa = PBXReferenceProxy;
			fileType = wrapper.framework;
			path = CDEvents.framework;
			remoteRef = 754407D717F77AF400A6E78E /* PBXContainerItemProxy */;
			sourceTree = BUILT_PRODUCTS_DIR;
		};
		754407DA17F77AF400A6E78E /* CDEventsTestApp.app */ = {
			isa = PBXReferenceProxy;
			fileType = wrapper.application;
			path = CDEventsTestApp.app;
			remoteRef = 754407D917F77AF400A6E78E /* PBXContainerItemProxy */;
			sourceTree = BUILT_PRODUCTS_DIR;
		};
		754407EF17F78D4D00A6E78E /* ObjectiveFlickr.framework */ = {
			isa = PBXReferenceProxy;
			fileType = wrapper.framework;
			path = ObjectiveFlickr.framework;
			remoteRef = 754407EE17F78D4D00A6E78E /* PBXContainerItemProxy */;
			sourceTree = BUILT_PRODUCTS_DIR;
		};
		754407F117F78D4D00A6E78E /* libObjectiveFlickr.a */ = {
			isa = PBXReferenceProxy;
			fileType = archive.ar;
			path = libObjectiveFlickr.a;
			remoteRef = 754407F017F78D4D00A6E78E /* PBXContainerItemProxy */;
			sourceTree = BUILT_PRODUCTS_DIR;
		};
/* End PBXReferenceProxy section */

/* Begin PBXResourcesBuildPhase section */
		7544078617F777A800A6E78E /* Resources */ = {
			isa = PBXResourcesBuildPhase;
			buildActionMask = 2147483647;
			files = (
				7544078F17F777A800A6E78E /* InfoPlist.strings in Resources */,
				7544079517F777A800A6E78E /* Credits.rtf in Resources */,
				7544079B17F777A900A6E78E /* MainMenu.xib in Resources */,
				75A0EFC918D64CF100453009 /* Images.xcassets in Resources */,
				75D43CC117FBBE7A0099F885 /* PowerIcon.png in Resources */,
				75EAA63518A6B06200B9A48C /* Synckr.iconset in Resources */,
				75EAA63818A6B0C000B9A48C /* icon_512x512.png in Resources */,
				75EAA63918A6B0C000B9A48C /* icon_512x512@2x.png in Resources */,
				75259FE118A6C23300C12682 /* menuicon_18x18_hi.png in Resources */,
				75259FE218A6C23300C12682 /* menuicon_18x18_hi@2x.png in Resources */,
				75259FE318A6C23300C12682 /* menuicon_18x18.png in Resources */,
				75259FE418A6C23300C12682 /* menuicon_18x18@2x.png in Resources */,
				7525A02A18A6DFA500C12682 /* Synckr.help in Resources */,
			);
			runOnlyForDeploymentPostprocessing = 0;
		};
		75E5178C17FA899800984C58 /* Resources */ = {
			isa = PBXResourcesBuildPhase;
			buildActionMask = 2147483647;
			files = (
				75A0EFC318D64B6F00453009 /* Images.xcassets in Resources */,
				7525A02C18A6E59400C12682 /* Credits.rtf in Resources */,
				7525A02B18A6E58500C12682 /* Synckr.iconset in Resources */,
				75259FE918A6C78D00C12682 /* MainMenu.xib in Resources */,
				75259FE518A6C73600C12682 /* menuicon_18x18_hi.png in Resources */,
				75259FE618A6C73600C12682 /* menuicon_18x18_hi@2x.png in Resources */,
				75259FE718A6C73600C12682 /* menuicon_18x18.png in Resources */,
				75259FE818A6C73600C12682 /* menuicon_18x18@2x.png in Resources */,
				75E5179517FA899800984C58 /* InfoPlist.strings in Resources */,
			);
			runOnlyForDeploymentPostprocessing = 0;
		};
/* End PBXResourcesBuildPhase section */

/* Begin PBXShellScriptBuildPhase section */
		75A0EFC718D64C8E00453009 /* ShellScript */ = {
			isa = PBXShellScriptBuildPhase;
			buildActionMask = 2147483647;
			files = (
			);
			inputPaths = (
			);
			outputPaths = (
			);
			runOnlyForDeploymentPostprocessing = 0;
			shellPath = /bin/sh;
			shellScript = "rm -rf ${BUILT_PRODUCTS_DIR}/SynckrHelper.app";
		};
/* End PBXShellScriptBuildPhase section */

/* Begin PBXSourcesBuildPhase section */
		7544078417F777A800A6E78E /* Sources */ = {
			isa = PBXSourcesBuildPhase;
			buildActionMask = 2147483647;
			files = (
				7544079117F777A800A6E78E /* main.m in Sources */,
				7544079817F777A800A6E78E /* AppDelegate.m in Sources */,
				754407A117F777B600A6E78E /* FolderScanner.m in Sources */,
				754407FF17F7924200A6E78E /* SynckrCommand.m in Sources */,
				7544080217F7994500A6E78E /* Synckr.m in Sources */,
				7544080517F7D8AC00A6E78E /* Uploader.m in Sources */,
				753BF8D517F7F27700AAB3CC /* SerialDict.m in Sources */,
				75E5011B17F88E5400314DDA /* StatusMenu.m in Sources */,
				75E5178917FA7E0A00984C58 /* NSMutableDictionary+SynckrFile.m in Sources */,
				75AC2C45180110FD001D2061 /* SynckrSettingsManager.m in Sources */,
			);
			runOnlyForDeploymentPostprocessing = 0;
		};
		75E5178A17FA899800984C58 /* Sources */ = {
			isa = PBXSourcesBuildPhase;
			buildActionMask = 2147483647;
			files = (
				75E517A517FA8A5E00984C58 /* FolderScanner.m in Sources */,
				75E517A617FA8A5E00984C58 /* Uploader.m in Sources */,
				75E517A717FA8A5E00984C58 /* NSMutableDictionary+SynckrFile.m in Sources */,
				75E517A817FA8A5E00984C58 /* Synckr.m in Sources */,
				75E517A917FA8A5E00984C58 /* SynckrCommand.m in Sources */,
				75E517AA17FA8A5E00984C58 /* SerialDict.m in Sources */,
				75E517AB17FA8A5E00984C58 /* StatusMenu.m in Sources */,
				75E5179717FA899800984C58 /* main.m in Sources */,
				75E5179E17FA899800984C58 /* HeadlessAppDelegate.m in Sources */,
				75E517AC17FA8B0100984C58 /* AppDelegate.m in Sources */,
				75AC2C46180110FD001D2061 /* SynckrSettingsManager.m in Sources */,
			);
			runOnlyForDeploymentPostprocessing = 0;
		};
/* End PBXSourcesBuildPhase section */

/* Begin PBXTargetDependency section */
		75D43CB917FBB1AF0099F885 /* PBXTargetDependency */ = {
			isa = PBXTargetDependency;
			target = 75E5178D17FA899800984C58 /* SynckrHelper */;
			targetProxy = 75D43CB817FBB1AF0099F885 /* PBXContainerItemProxy */;
		};
/* End PBXTargetDependency section */

/* Begin PBXVariantGroup section */
		7544078D17F777A800A6E78E /* InfoPlist.strings */ = {
			isa = PBXVariantGroup;
			children = (
				7544078E17F777A800A6E78E /* en */,
			);
			name = InfoPlist.strings;
			sourceTree = "<group>";
		};
		7544079317F777A800A6E78E /* Credits.rtf */ = {
			isa = PBXVariantGroup;
			children = (
				7544079417F777A800A6E78E /* en */,
			);
			name = Credits.rtf;
			sourceTree = "<group>";
		};
		7544079917F777A900A6E78E /* MainMenu.xib */ = {
			isa = PBXVariantGroup;
			children = (
				7544079A17F777A900A6E78E /* en */,
			);
			name = MainMenu.xib;
			sourceTree = "<group>";
		};
		75E5179317FA899800984C58 /* InfoPlist.strings */ = {
			isa = PBXVariantGroup;
			children = (
				75E5179417FA899800984C58 /* en */,
			);
			name = InfoPlist.strings;
			sourceTree = "<group>";
		};
		75E5179F17FA899800984C58 /* MainMenu.xib */ = {
			isa = PBXVariantGroup;
			children = (
				75E517A017FA899800984C58 /* en */,
			);
			name = MainMenu.xib;
			sourceTree = "<group>";
		};
/* End PBXVariantGroup section */

/* Begin XCBuildConfiguration section */
		7544075C17F7744700A6E78E /* Debug */ = {
			isa = XCBuildConfiguration;
			buildSettings = {
				ALWAYS_SEARCH_USER_PATHS = NO;
				CLANG_CXX_LANGUAGE_STANDARD = "gnu++0x";
				CLANG_CXX_LIBRARY = "libc++";
				CLANG_ENABLE_OBJC_ARC = YES;
				CLANG_WARN_CONSTANT_CONVERSION = YES;
				CLANG_WARN_EMPTY_BODY = YES;
				CLANG_WARN_ENUM_CONVERSION = YES;
				CLANG_WARN_INT_CONVERSION = YES;
				CLANG_WARN__DUPLICATE_METHOD_MATCH = YES;
				CODE_SIGN_IDENTITY = "";
				"CODE_SIGN_IDENTITY[sdk=iphoneos*]" = "iPhone Developer";
				COPY_PHASE_STRIP = NO;
				GCC_C_LANGUAGE_STANDARD = gnu99;
				GCC_DYNAMIC_NO_PIC = NO;
				GCC_OPTIMIZATION_LEVEL = 0;
				GCC_PREPROCESSOR_DEFINITIONS = (
					"DEBUG=1",
					"$(inherited)",
				);
				GCC_SYMBOLS_PRIVATE_EXTERN = NO;
				GCC_WARN_ABOUT_RETURN_TYPE = YES;
				GCC_WARN_UNINITIALIZED_AUTOS = YES;
				GCC_WARN_UNUSED_VARIABLE = YES;
				IPHONEOS_DEPLOYMENT_TARGET = 6.1;
				ONLY_ACTIVE_ARCH = YES;
				SDKROOT = iphoneos;
				TARGETED_DEVICE_FAMILY = "1,2";
			};
			name = Debug;
		};
		7544075D17F7744700A6E78E /* Release */ = {
			isa = XCBuildConfiguration;
			buildSettings = {
				ALWAYS_SEARCH_USER_PATHS = NO;
				CLANG_CXX_LANGUAGE_STANDARD = "gnu++0x";
				CLANG_CXX_LIBRARY = "libc++";
				CLANG_ENABLE_OBJC_ARC = YES;
				CLANG_WARN_CONSTANT_CONVERSION = YES;
				CLANG_WARN_EMPTY_BODY = YES;
				CLANG_WARN_ENUM_CONVERSION = YES;
				CLANG_WARN_INT_CONVERSION = YES;
				CLANG_WARN__DUPLICATE_METHOD_MATCH = YES;
				CODE_SIGN_IDENTITY = "";
				"CODE_SIGN_IDENTITY[sdk=iphoneos*]" = "iPhone Developer";
				COPY_PHASE_STRIP = YES;
				GCC_C_LANGUAGE_STANDARD = gnu99;
				GCC_WARN_ABOUT_RETURN_TYPE = YES;
				GCC_WARN_UNINITIALIZED_AUTOS = YES;
				GCC_WARN_UNUSED_VARIABLE = YES;
				IPHONEOS_DEPLOYMENT_TARGET = 6.1;
				OTHER_CFLAGS = "-DNS_BLOCK_ASSERTIONS=1";
				SDKROOT = iphoneos;
				TARGETED_DEVICE_FAMILY = "1,2";
				VALIDATE_PRODUCT = YES;
			};
			name = Release;
		};
		7544079D17F777A900A6E78E /* Debug */ = {
			isa = XCBuildConfiguration;
			buildSettings = {
				ARCHS = "$(ARCHS_STANDARD_64_BIT)";
				ASSETCATALOG_COMPILER_APPICON_NAME = AppIcon;
				CODE_SIGN_ENTITLEMENTS = Synckr/Synckr.entitlements;
				CODE_SIGN_IDENTITY = "Mac Developer";
				COMBINE_HIDPI_IMAGES = YES;
				FRAMEWORK_SEARCH_PATHS = (
					"$(inherited)",
					"\"$(SYSTEM_APPS_DIR)/Xcode.app/Contents/Developer/Library/Frameworks\"",
				);
				GCC_ENABLE_OBJC_EXCEPTIONS = YES;
				GCC_PRECOMPILE_PREFIX_HEADER = YES;
				GCC_PREFIX_HEADER = "Synckr/Synckr-Prefix.pch";
				GCC_PREPROCESSOR_DEFINITIONS = (
					"DEBUG=1",
					"$(inherited)",
					"SYNCKR_PARENT=1",
				);
				GCC_WARN_64_TO_32_BIT_CONVERSION = YES;
				INFOPLIST_FILE = "Synckr/Synckr-Info.plist";
				LD_RUNPATH_SEARCH_PATHS = "@executable_path/../frameworks";
				MACOSX_DEPLOYMENT_TARGET = 10.8;
				OTHER_CFLAGS = "-SYNCKR_PARENT=1";
				PRODUCT_NAME = "$(TARGET_NAME)";
				SDKROOT = macosx;
				WRAPPER_EXTENSION = app;
			};
			name = Debug;
		};
		7544079E17F777A900A6E78E /* Release */ = {
			isa = XCBuildConfiguration;
			buildSettings = {
				ARCHS = "$(ARCHS_STANDARD_64_BIT)";
				ASSETCATALOG_COMPILER_APPICON_NAME = AppIcon;
				CODE_SIGN_ENTITLEMENTS = Synckr/Synckr.entitlements;
				CODE_SIGN_IDENTITY = "Mac Developer";
				COMBINE_HIDPI_IMAGES = YES;
				DEBUG_INFORMATION_FORMAT = "dwarf-with-dsym";
				FRAMEWORK_SEARCH_PATHS = (
					"$(inherited)",
					"\"$(SYSTEM_APPS_DIR)/Xcode.app/Contents/Developer/Library/Frameworks\"",
				);
				GCC_ENABLE_OBJC_EXCEPTIONS = YES;
				GCC_PRECOMPILE_PREFIX_HEADER = YES;
				GCC_PREFIX_HEADER = "Synckr/Synckr-Prefix.pch";
				GCC_PREPROCESSOR_DEFINITIONS = "SYNCKR_PARENT=1";
				GCC_WARN_64_TO_32_BIT_CONVERSION = YES;
				INFOPLIST_FILE = "Synckr/Synckr-Info.plist";
				LD_RUNPATH_SEARCH_PATHS = "@executable_path/../frameworks";
				MACOSX_DEPLOYMENT_TARGET = 10.8;
				OTHER_CFLAGS = (
					"-DNS_BLOCK_ASSERTIONS=1",
					"-SYNCKR_PARENT=1",
				);
				PRODUCT_NAME = "$(TARGET_NAME)";
				SDKROOT = macosx;
				WRAPPER_EXTENSION = app;
			};
			name = Release;
		};
		75E517A317FA899800984C58 /* Debug */ = {
			isa = XCBuildConfiguration;
			buildSettings = {
				ALWAYS_SEARCH_USER_PATHS = YES;
				ARCHS = "$(ARCHS_STANDARD_64_BIT)";
				ASSETCATALOG_COMPILER_APPICON_NAME = AppIcon;
				CODE_SIGN_ENTITLEMENTS = "";
				CODE_SIGN_IDENTITY = "Mac Developer";
				COMBINE_HIDPI_IMAGES = YES;
				FRAMEWORK_SEARCH_PATHS = (
					"$(inherited)",
					"\"$(SYSTEM_APPS_DIR)/Xcode.app/Contents/Developer/Library/Frameworks\"",
				);
				GCC_ENABLE_OBJC_EXCEPTIONS = YES;
				GCC_PRECOMPILE_PREFIX_HEADER = YES;
				GCC_PREFIX_HEADER = "SynckrHelper/SynckrHelper-Prefix.pch";
				GCC_WARN_64_TO_32_BIT_CONVERSION = YES;
				INFOPLIST_FILE = "SynckrHelper/SynckrHelper-Info.plist";
				LD_RUNPATH_SEARCH_PATHS = "@executable_path/../../../../../frameworks";
				LIBRARY_SEARCH_PATHS = (
					"@executable_dir/../../..",
					"@executable_dir/../../../../frameworks",
					"@executable_dir/../frameworks",
					"@executable_dir/../../frameworks",
					"@executable_dir/../../../frameworks",
					"@executable_dir/frameworks",
					"@executable_dir",
				);
				MACOSX_DEPLOYMENT_TARGET = 10.8;
				PRODUCT_NAME = "$(TARGET_NAME)";
				SDKROOT = macosx;
				SKIP_INSTALL = YES;
				WRAPPER_EXTENSION = app;
			};
			name = Debug;
		};
		75E517A417FA899800984C58 /* Release */ = {
			isa = XCBuildConfiguration;
			buildSettings = {
				ALWAYS_SEARCH_USER_PATHS = YES;
				ARCHS = "$(ARCHS_STANDARD_64_BIT)";
				ASSETCATALOG_COMPILER_APPICON_NAME = AppIcon;
				CODE_SIGN_ENTITLEMENTS = "";
				CODE_SIGN_IDENTITY = "Mac Developer";
				COMBINE_HIDPI_IMAGES = YES;
				DEBUG_INFORMATION_FORMAT = "dwarf-with-dsym";
				FRAMEWORK_SEARCH_PATHS = (
					"$(inherited)",
					"\"$(SYSTEM_APPS_DIR)/Xcode.app/Contents/Developer/Library/Frameworks\"",
				);
				GCC_ENABLE_OBJC_EXCEPTIONS = YES;
				GCC_PRECOMPILE_PREFIX_HEADER = YES;
				GCC_PREFIX_HEADER = "SynckrHelper/SynckrHelper-Prefix.pch";
				GCC_WARN_64_TO_32_BIT_CONVERSION = YES;
				INFOPLIST_FILE = "SynckrHelper/SynckrHelper-Info.plist";
				LD_RUNPATH_SEARCH_PATHS = "@executable_path/../../../../../frameworks";
				LIBRARY_SEARCH_PATHS = (
					"@executable_dir/../../..",
					"@executable_dir/../../../../frameworks",
					"@executable_dir/../frameworks",
					"@executable_dir/../../frameworks",
					"@executable_dir/../../../frameworks",
					"@executable_dir/frameworks",
					"@executable_dir",
				);
				MACOSX_DEPLOYMENT_TARGET = 10.8;
				PRODUCT_NAME = "$(TARGET_NAME)";
				SDKROOT = macosx;
				SKIP_INSTALL = YES;
				WRAPPER_EXTENSION = app;
			};
			name = Release;
		};
/* End XCBuildConfiguration section */

/* Begin XCConfigurationList section */
		7544073C17F7744700A6E78E /* Build configuration list for PBXProject "Synckr" */ = {
			isa = XCConfigurationList;
			buildConfigurations = (
				7544075C17F7744700A6E78E /* Debug */,
				7544075D17F7744700A6E78E /* Release */,
			);
			defaultConfigurationIsVisible = 0;
			defaultConfigurationName = Release;
		};
		7544079C17F777A900A6E78E /* Build configuration list for PBXNativeTarget "Synckr" */ = {
			isa = XCConfigurationList;
			buildConfigurations = (
				7544079D17F777A900A6E78E /* Debug */,
				7544079E17F777A900A6E78E /* Release */,
			);
			defaultConfigurationIsVisible = 0;
			defaultConfigurationName = Release;
		};
		75E517A217FA899800984C58 /* Build configuration list for PBXNativeTarget "SynckrHelper" */ = {
			isa = XCConfigurationList;
			buildConfigurations = (
				75E517A317FA899800984C58 /* Debug */,
				75E517A417FA899800984C58 /* Release */,
			);
			defaultConfigurationIsVisible = 0;
			defaultConfigurationName = Release;
		};
/* End XCConfigurationList section */
	};
	rootObject = 7544073917F7744700A6E78E /* Project object */;
}
